
Microsoft Visual Studio Solution File, Format Version 12.00
# Visual Studio Version 17
VisualStudioVersion = 17.9.34728.123
MinimumVisualStudioVersion = 10.0.40219.1
Project("{9A19103F-16F7-4668-BE54-9A1E7A4F7556}") = "Villa_API", "Villa_API\Villa_API.csproj", "{BFEEB16C-0D25-4613-97E2-60F98D75B576}"
EndProject
Project("{FAE04EC0-301F-11D3-BF4B-00C04F79EFBC}") = "Villa_Web", "Villa_Web\Villa_Web.csproj", "{691DBB38-E70C-409D-8C2F-B276E45FFEA3}"
EndProject
Project("{FAE04EC0-301F-11D3-BF4B-00C04F79EFBC}") = "Villa_Utility", "Villa_Utility\Villa_Utility.csproj", "{EB74CD15-5448-452D-BEAE-D668FFC34825}"
EndProject
Global
	GlobalSection(SolutionConfigurationPlatforms) = preSolution
		Debug|Any CPU = Debug|Any CPU
		Release|Any CPU = Release|Any CPU
	EndGlobalSection
	GlobalSection(ProjectConfigurationPlatforms) = postSolution
		{BFEEB16C-0D25-4613-97E2-60F98D75B576}.Debug|Any CPU.ActiveCfg = Debug|Any CPU
		{BFEEB16C-0D25-4613-97E2-60F98D75B576}.Debug|Any CPU.Build.0 = Debug|Any CPU
		{BFEEB16C-0D25-4613-97E2-60F98D75B576}.Release|Any CPU.ActiveCfg = Release|Any CPU
		{BFEEB16C-0D25-4613-97E2-60F98D75B576}.Release|Any CPU.Build.0 = Release|Any CPU
		{691DBB38-E70C-409D-8C2F-B276E45FFEA3}.Debug|Any CPU.ActiveCfg = Debug|Any CPU
		{691DBB38-E70C-409D-8C2F-B276E45FFEA3}.Debug|Any CPU.Build.0 = Debug|Any CPU
		{691DBB38-E70C-409D-8C2F-B276E45FFEA3}.Release|Any CPU.ActiveCfg = Release|Any CPU
		{691DBB38-E70C-409D-8C2F-B276E45FFEA3}.Release|Any CPU.Build.0 = Release|Any CPU
		{EB74CD15-5448-452D-BEAE-D668FFC34825}.Debug|Any CPU.ActiveCfg = Debug|Any CPU
		{EB74CD15-5448-452D-BEAE-D668FFC34825}.Debug|Any CPU.Build.0 = Debug|Any CPU
		{EB74CD15-5448-452D-BEAE-D668FFC34825}.Release|Any CPU.ActiveCfg = Release|Any CPU
		{EB74CD15-5448-452D-BEAE-D668FFC34825}.Release|Any CPU.Build.0 = Release|Any CPU
	EndGlobalSection
	GlobalSection(SolutionProperties) = preSolution
		HideSolutionNode = FALSE
	EndGlobalSection
	GlobalSection(ExtensibilityGlobals) = postSolution
		SolutionGuid = {F7442FE4-78FA-4114-BB1C-54A2F0241866}
	EndGlobalSection
EndGlobal
